
Microsoft Visual Studio Solution File, Format Version 12.00
# Visual Studio Version 17
VisualStudioVersion = 17.9.34723.18
MinimumVisualStudioVersion = 10.0.40219.1
Project("{FAE04EC0-301F-11D3-BF4B-00C04F79EFBC}") = "webapp", "webapp\webapp.csproj", "{93A60B16-86DB-41BF-B788-3F268F08A7CA}"
EndProject
Global
	GlobalSection(SolutionConfigurationPlatforms) = preSolution
		Debug|Any CPU = Debug|Any CPU
		Release|Any CPU = Release|Any CPU
	EndGlobalSection
	GlobalSection(ProjectConfigurationPlatforms) = postSolution
		{93A60B16-86DB-41BF-B788-3F268F08A7CA}.Debug|Any CPU.ActiveCfg = Debug|Any CPU
		{93A60B16-86DB-41BF-B788-3F268F08A7CA}.Debug|Any CPU.Build.0 = Debug|Any CPU
		{93A60B16-86DB-41BF-B788-3F268F08A7CA}.Release|Any CPU.ActiveCfg = Release|Any CPU
		{93A60B16-86DB-41BF-B788-3F268F08A7CA}.Release|Any CPU.Build.0 = Release|Any CPU
	EndGlobalSection
	GlobalSection(SolutionProperties) = preSolution
		HideSolutionNode = FALSE
	EndGlobalSection
	GlobalSection(ExtensibilityGlobals) = postSolution
		SolutionGuid = {B46E6213-8F71-495D-8A9D-0DAA9FB50B30}
	EndGlobalSection
EndGlobal
